
Microsoft Visual Studio Solution File, Format Version 12.00
# Visual Studio Version 17
VisualStudioVersion = 17.12.35527.113
MinimumVisualStudioVersion = 10.0.40219.1
Project("{2150E333-8FDC-42A3-9474-1A3956D46DE8}") = "src", "src", "{631908AA-E49D-40CF-8640-C0FC9CFA1A65}"
EndProject
Project("{FAE04EC0-301F-11D3-BF4B-00C04F79EFBC}") = "Domain", "Domain\Domain.csproj", "{EECF7026-911D-4205-9724-0D324FA6A869}"
EndProject
Project("{FAE04EC0-301F-11D3-BF4B-00C04F79EFBC}") = "Application", "Application\Application.csproj", "{5C7EBAA5-D594-402C-9A99-36C2E5485319}"
EndProject
Project("{FAE04EC0-301F-11D3-BF4B-00C04F79EFBC}") = "Infrastructure", "Infrastructure\Infrastructure.csproj", "{A5009F7C-FE78-4EC4-A0BC-661FDB90B22A}"
EndProject
Project("{FAE04EC0-301F-11D3-BF4B-00C04F79EFBC}") = "Presentation", "Presentation\Presentation.csproj", "{DCD3859C-723B-4B7C-962A-C942343860F6}"
EndProject
Global
	GlobalSection(SolutionConfigurationPlatforms) = preSolution
		Debug|Any CPU = Debug|Any CPU
		Release|Any CPU = Release|Any CPU
	EndGlobalSection
	GlobalSection(ProjectConfigurationPlatforms) = postSolution
		{EECF7026-911D-4205-9724-0D324FA6A869}.Debug|Any CPU.ActiveCfg = Debug|Any CPU
		{EECF7026-911D-4205-9724-0D324FA6A869}.Debug|Any CPU.Build.0 = Debug|Any CPU
		{EECF7026-911D-4205-9724-0D324FA6A869}.Release|Any CPU.ActiveCfg = Release|Any CPU
		{EECF7026-911D-4205-9724-0D324FA6A869}.Release|Any CPU.Build.0 = Release|Any CPU
		{5C7EBAA5-D594-402C-9A99-36C2E5485319}.Debug|Any CPU.ActiveCfg = Debug|Any CPU
		{5C7EBAA5-D594-402C-9A99-36C2E5485319}.Debug|Any CPU.Build.0 = Debug|Any CPU
		{5C7EBAA5-D594-402C-9A99-36C2E5485319}.Release|Any CPU.ActiveCfg = Release|Any CPU
		{5C7EBAA5-D594-402C-9A99-36C2E5485319}.Release|Any CPU.Build.0 = Release|Any CPU
		{A5009F7C-FE78-4EC4-A0BC-661FDB90B22A}.Debug|Any CPU.ActiveCfg = Debug|Any CPU
		{A5009F7C-FE78-4EC4-A0BC-661FDB90B22A}.Debug|Any CPU.Build.0 = Debug|Any CPU
		{A5009F7C-FE78-4EC4-A0BC-661FDB90B22A}.Release|Any CPU.ActiveCfg = Release|Any CPU
		{A5009F7C-FE78-4EC4-A0BC-661FDB90B22A}.Release|Any CPU.Build.0 = Release|Any CPU
		{DCD3859C-723B-4B7C-962A-C942343860F6}.Debug|Any CPU.ActiveCfg = Debug|Any CPU
		{DCD3859C-723B-4B7C-962A-C942343860F6}.Debug|Any CPU.Build.0 = Debug|Any CPU
		{DCD3859C-723B-4B7C-962A-C942343860F6}.Release|Any CPU.ActiveCfg = Release|Any CPU
		{DCD3859C-723B-4B7C-962A-C942343860F6}.Release|Any CPU.Build.0 = Release|Any CPU
	EndGlobalSection
	GlobalSection(SolutionProperties) = preSolution
		HideSolutionNode = FALSE
	EndGlobalSection
	GlobalSection(NestedProjects) = preSolution
		{EECF7026-911D-4205-9724-0D324FA6A869} = {631908AA-E49D-40CF-8640-C0FC9CFA1A65}
		{5C7EBAA5-D594-402C-9A99-36C2E5485319} = {631908AA-E49D-40CF-8640-C0FC9CFA1A65}
		{A5009F7C-FE78-4EC4-A0BC-661FDB90B22A} = {631908AA-E49D-40CF-8640-C0FC9CFA1A65}
		{DCD3859C-723B-4B7C-962A-C942343860F6} = {631908AA-E49D-40CF-8640-C0FC9CFA1A65}
	EndGlobalSection
	GlobalSection(ExtensibilityGlobals) = postSolution
		SolutionGuid = {2F52ED12-FA56-46CC-816A-4BB30037B3BB}
	EndGlobalSection
EndGlobal
